
Microsoft Visual Studio Solution File, Format Version 12.00
# Visual Studio Version 16
VisualStudioVersion = 16.0.29806.167
MinimumVisualStudioVersion = 10.0.40219.1
Project("{9A19103F-16F7-4668-BE54-9A1E7A4F7556}") = "DAL", "DAL\DAL.csproj", "{DB37DE70-2DD7-4490-922D-C1CD2AC0017C}"
EndProject
Project("{9A19103F-16F7-4668-BE54-9A1E7A4F7556}") = "BLL", "BLL\BLL.csproj", "{38AA4AA7-F6DB-4643-9698-82EA15416D1C}"
EndProject
Project("{9A19103F-16F7-4668-BE54-9A1E7A4F7556}") = "Entidades", "Entidades\Entidades.csproj", "{501117CA-FE0A-4364-9ACA-D18607D9D00E}"
EndProject
Project("{9A19103F-16F7-4668-BE54-9A1E7A4F7556}") = "PCInventory.API", "PCInventory.API\PCInventory.API.csproj", "{F29198A8-C6C0-414B-88D5-0A014ECF4A68}"
EndProject
Project("{9A19103F-16F7-4668-BE54-9A1E7A4F7556}") = "PCInventory.WPF", "PCInventory.WPF\PCInventory.WPF.csproj", "{12E54569-925D-46F6-BFA1-B740F1C6A88D}"
EndProject
Project("{FAE04EC0-301F-11D3-BF4B-00C04F79EFBC}") = "MobileApp.iOS", "MobileApp\MobileApp.iOS\MobileApp.iOS.csproj", "{98B9D4D1-AF47-4AC1-9725-F501A16280A4}"
EndProject
Project("{FAE04EC0-301F-11D3-BF4B-00C04F79EFBC}") = "MobileApp.Android", "MobileApp\MobileApp.Android\MobileApp.Android.csproj", "{0DD84A08-7C63-44D2-8FF9-4A8896AA9DFD}"
EndProject
Project("{9A19103F-16F7-4668-BE54-9A1E7A4F7556}") = "MobileApp", "MobileApp\MobileApp\MobileApp.csproj", "{E6A97BA4-877B-4D58-AD8A-089A03B08A73}"
EndProject
Global
	GlobalSection(SolutionConfigurationPlatforms) = preSolution
		Debug|Any CPU = Debug|Any CPU
		Debug|iPhone = Debug|iPhone
		Debug|iPhoneSimulator = Debug|iPhoneSimulator
		Release|Any CPU = Release|Any CPU
		Release|iPhone = Release|iPhone
		Release|iPhoneSimulator = Release|iPhoneSimulator
	EndGlobalSection
	GlobalSection(ProjectConfigurationPlatforms) = postSolution
		{DB37DE70-2DD7-4490-922D-C1CD2AC0017C}.Debug|Any CPU.ActiveCfg = Debug|Any CPU
		{DB37DE70-2DD7-4490-922D-C1CD2AC0017C}.Debug|Any CPU.Build.0 = Debug|Any CPU
		{DB37DE70-2DD7-4490-922D-C1CD2AC0017C}.Debug|iPhone.ActiveCfg = Debug|Any CPU
		{DB37DE70-2DD7-4490-922D-C1CD2AC0017C}.Debug|iPhone.Build.0 = Debug|Any CPU
		{DB37DE70-2DD7-4490-922D-C1CD2AC0017C}.Debug|iPhoneSimulator.ActiveCfg = Debug|Any CPU
		{DB37DE70-2DD7-4490-922D-C1CD2AC0017C}.Debug|iPhoneSimulator.Build.0 = Debug|Any CPU
		{DB37DE70-2DD7-4490-922D-C1CD2AC0017C}.Release|Any CPU.ActiveCfg = Release|Any CPU
		{DB37DE70-2DD7-4490-922D-C1CD2AC0017C}.Release|Any CPU.Build.0 = Release|Any CPU
		{DB37DE70-2DD7-4490-922D-C1CD2AC0017C}.Release|iPhone.ActiveCfg = Release|Any CPU
		{DB37DE70-2DD7-4490-922D-C1CD2AC0017C}.Release|iPhone.Build.0 = Release|Any CPU
		{DB37DE70-2DD7-4490-922D-C1CD2AC0017C}.Release|iPhoneSimulator.ActiveCfg = Release|Any CPU
		{DB37DE70-2DD7-4490-922D-C1CD2AC0017C}.Release|iPhoneSimulator.Build.0 = Release|Any CPU
		{38AA4AA7-F6DB-4643-9698-82EA15416D1C}.Debug|Any CPU.ActiveCfg = Debug|Any CPU
		{38AA4AA7-F6DB-4643-9698-82EA15416D1C}.Debug|Any CPU.Build.0 = Debug|Any CPU
		{38AA4AA7-F6DB-4643-9698-82EA15416D1C}.Debug|iPhone.ActiveCfg = Debug|Any CPU
		{38AA4AA7-F6DB-4643-9698-82EA15416D1C}.Debug|iPhone.Build.0 = Debug|Any CPU
		{38AA4AA7-F6DB-4643-9698-82EA15416D1C}.Debug|iPhoneSimulator.ActiveCfg = Debug|Any CPU
		{38AA4AA7-F6DB-4643-9698-82EA15416D1C}.Debug|iPhoneSimulator.Build.0 = Debug|Any CPU
		{38AA4AA7-F6DB-4643-9698-82EA15416D1C}.Release|Any CPU.ActiveCfg = Release|Any CPU
		{38AA4AA7-F6DB-4643-9698-82EA15416D1C}.Release|Any CPU.Build.0 = Release|Any CPU
		{38AA4AA7-F6DB-4643-9698-82EA15416D1C}.Release|iPhone.ActiveCfg = Release|Any CPU
		{38AA4AA7-F6DB-4643-9698-82EA15416D1C}.Release|iPhone.Build.0 = Release|Any CPU
		{38AA4AA7-F6DB-4643-9698-82EA15416D1C}.Release|iPhoneSimulator.ActiveCfg = Release|Any CPU
		{38AA4AA7-F6DB-4643-9698-82EA15416D1C}.Release|iPhoneSimulator.Build.0 = Release|Any CPU
		{501117CA-FE0A-4364-9ACA-D18607D9D00E}.Debug|Any CPU.ActiveCfg = Debug|Any CPU
		{501117CA-FE0A-4364-9ACA-D18607D9D00E}.Debug|Any CPU.Build.0 = Debug|Any CPU
		{501117CA-FE0A-4364-9ACA-D18607D9D00E}.Debug|iPhone.ActiveCfg = Debug|Any CPU
		{501117CA-FE0A-4364-9ACA-D18607D9D00E}.Debug|iPhone.Build.0 = Debug|Any CPU
		{501117CA-FE0A-4364-9ACA-D18607D9D00E}.Debug|iPhoneSimulator.ActiveCfg = Debug|Any CPU
		{501117CA-FE0A-4364-9ACA-D18607D9D00E}.Debug|iPhoneSimulator.Build.0 = Debug|Any CPU
		{501117CA-FE0A-4364-9ACA-D18607D9D00E}.Release|Any CPU.ActiveCfg = Release|Any CPU
		{501117CA-FE0A-4364-9ACA-D18607D9D00E}.Release|Any CPU.Build.0 = Release|Any CPU
		{501117CA-FE0A-4364-9ACA-D18607D9D00E}.Release|iPhone.ActiveCfg = Release|Any CPU
		{501117CA-FE0A-4364-9ACA-D18607D9D00E}.Release|iPhone.Build.0 = Release|Any CPU
		{501117CA-FE0A-4364-9ACA-D18607D9D00E}.Release|iPhoneSimulator.ActiveCfg = Release|Any CPU
		{501117CA-FE0A-4364-9ACA-D18607D9D00E}.Release|iPhoneSimulator.Build.0 = Release|Any CPU
		{F29198A8-C6C0-414B-88D5-0A014ECF4A68}.Debug|Any CPU.ActiveCfg = Debug|Any CPU
		{F29198A8-C6C0-414B-88D5-0A014ECF4A68}.Debug|Any CPU.Build.0 = Debug|Any CPU
		{F29198A8-C6C0-414B-88D5-0A014ECF4A68}.Debug|iPhone.ActiveCfg = Debug|Any CPU
		{F29198A8-C6C0-414B-88D5-0A014ECF4A68}.Debug|iPhone.Build.0 = Debug|Any CPU
		{F29198A8-C6C0-414B-88D5-0A014ECF4A68}.Debug|iPhoneSimulator.ActiveCfg = Debug|Any CPU
		{F29198A8-C6C0-414B-88D5-0A014ECF4A68}.Debug|iPhoneSimulator.Build.0 = Debug|Any CPU
		{F29198A8-C6C0-414B-88D5-0A014ECF4A68}.Release|Any CPU.ActiveCfg = Release|Any CPU
		{F29198A8-C6C0-414B-88D5-0A014ECF4A68}.Release|Any CPU.Build.0 = Release|Any CPU
		{F29198A8-C6C0-414B-88D5-0A014ECF4A68}.Release|iPhone.ActiveCfg = Release|Any CPU
		{F29198A8-C6C0-414B-88D5-0A014ECF4A68}.Release|iPhone.Build.0 = Release|Any CPU
		{F29198A8-C6C0-414B-88D5-0A014ECF4A68}.Release|iPhoneSimulator.ActiveCfg = Release|Any CPU
		{F29198A8-C6C0-414B-88D5-0A014ECF4A68}.Release|iPhoneSimulator.Build.0 = Release|Any CPU
		{12E54569-925D-46F6-BFA1-B740F1C6A88D}.Debug|Any CPU.ActiveCfg = Debug|Any CPU
		{12E54569-925D-46F6-BFA1-B740F1C6A88D}.Debug|Any CPU.Build.0 = Debug|Any CPU
		{12E54569-925D-46F6-BFA1-B740F1C6A88D}.Debug|iPhone.ActiveCfg = Debug|Any CPU
		{12E54569-925D-46F6-BFA1-B740F1C6A88D}.Debug|iPhone.Build.0 = Debug|Any CPU
		{12E54569-925D-46F6-BFA1-B740F1C6A88D}.Debug|iPhoneSimulator.ActiveCfg = Debug|Any CPU
		{12E54569-925D-46F6-BFA1-B740F1C6A88D}.Debug|iPhoneSimulator.Build.0 = Debug|Any CPU
		{12E54569-925D-46F6-BFA1-B740F1C6A88D}.Release|Any CPU.ActiveCfg = Release|Any CPU
		{12E54569-925D-46F6-BFA1-B740F1C6A88D}.Release|Any CPU.Build.0 = Release|Any CPU
		{12E54569-925D-46F6-BFA1-B740F1C6A88D}.Release|iPhone.ActiveCfg = Release|Any CPU
		{12E54569-925D-46F6-BFA1-B740F1C6A88D}.Release|iPhone.Build.0 = Release|Any CPU
		{12E54569-925D-46F6-BFA1-B740F1C6A88D}.Release|iPhoneSimulator.ActiveCfg = Release|Any CPU
		{12E54569-925D-46F6-BFA1-B740F1C6A88D}.Release|iPhoneSimulator.Build.0 = Release|Any CPU
		{98B9D4D1-AF47-4AC1-9725-F501A16280A4}.Debug|Any CPU.ActiveCfg = Debug|iPhone
		{98B9D4D1-AF47-4AC1-9725-F501A16280A4}.Debug|iPhone.ActiveCfg = Debug|iPhone
		{98B9D4D1-AF47-4AC1-9725-F501A16280A4}.Debug|iPhone.Build.0 = Debug|iPhone
		{98B9D4D1-AF47-4AC1-9725-F501A16280A4}.Debug|iPhoneSimulator.ActiveCfg = Debug|iPhoneSimulator
		{98B9D4D1-AF47-4AC1-9725-F501A16280A4}.Debug|iPhoneSimulator.Build.0 = Debug|iPhoneSimulator
		{98B9D4D1-AF47-4AC1-9725-F501A16280A4}.Release|Any CPU.ActiveCfg = Release|iPhone
		{98B9D4D1-AF47-4AC1-9725-F501A16280A4}.Release|iPhone.ActiveCfg = Release|iPhone
		{98B9D4D1-AF47-4AC1-9725-F501A16280A4}.Release|iPhone.Build.0 = Release|iPhone
		{98B9D4D1-AF47-4AC1-9725-F501A16280A4}.Release|iPhoneSimulator.ActiveCfg = Release|iPhoneSimulator
		{98B9D4D1-AF47-4AC1-9725-F501A16280A4}.Release|iPhoneSimulator.Build.0 = Release|iPhoneSimulator
		{0DD84A08-7C63-44D2-8FF9-4A8896AA9DFD}.Debug|Any CPU.ActiveCfg = Debug|Any CPU
		{0DD84A08-7C63-44D2-8FF9-4A8896AA9DFD}.Debug|Any CPU.Build.0 = Debug|Any CPU
		{0DD84A08-7C63-44D2-8FF9-4A8896AA9DFD}.Debug|Any CPU.Deploy.0 = Debug|Any CPU
		{0DD84A08-7C63-44D2-8FF9-4A8896AA9DFD}.Debug|iPhone.ActiveCfg = Debug|Any CPU
		{0DD84A08-7C63-44D2-8FF9-4A8896AA9DFD}.Debug|iPhone.Build.0 = Debug|Any CPU
		{0DD84A08-7C63-44D2-8FF9-4A8896AA9DFD}.Debug|iPhone.Deploy.0 = Debug|Any CPU
		{0DD84A08-7C63-44D2-8FF9-4A8896AA9DFD}.Debug|iPhoneSimulator.ActiveCfg = Debug|Any CPU
		{0DD84A08-7C63-44D2-8FF9-4A8896AA9DFD}.Debug|iPhoneSimulator.Build.0 = Debug|Any CPU
		{0DD84A08-7C63-44D2-8FF9-4A8896AA9DFD}.Debug|iPhoneSimulator.Deploy.0 = Debug|Any CPU
		{0DD84A08-7C63-44D2-8FF9-4A8896AA9DFD}.Release|Any CPU.ActiveCfg = Release|Any CPU
		{0DD84A08-7C63-44D2-8FF9-4A8896AA9DFD}.Release|Any CPU.Build.0 = Release|Any CPU
		{0DD84A08-7C63-44D2-8FF9-4A8896AA9DFD}.Release|Any CPU.Deploy.0 = Release|Any CPU
		{0DD84A08-7C63-44D2-8FF9-4A8896AA9DFD}.Release|iPhone.ActiveCfg = Release|Any CPU
		{0DD84A08-7C63-44D2-8FF9-4A8896AA9DFD}.Release|iPhone.Build.0 = Release|Any CPU
		{0DD84A08-7C63-44D2-8FF9-4A8896AA9DFD}.Release|iPhone.Deploy.0 = Release|Any CPU
		{0DD84A08-7C63-44D2-8FF9-4A8896AA9DFD}.Release|iPhoneSimulator.ActiveCfg = Release|Any CPU
		{0DD84A08-7C63-44D2-8FF9-4A8896AA9DFD}.Release|iPhoneSimulator.Build.0 = Release|Any CPU
		{0DD84A08-7C63-44D2-8FF9-4A8896AA9DFD}.Release|iPhoneSimulator.Deploy.0 = Release|Any CPU
		{E6A97BA4-877B-4D58-AD8A-089A03B08A73}.Debug|Any CPU.ActiveCfg = Debug|Any CPU
		{E6A97BA4-877B-4D58-AD8A-089A03B08A73}.Debug|Any CPU.Build.0 = Debug|Any CPU
		{E6A97BA4-877B-4D58-AD8A-089A03B08A73}.Debug|iPhone.ActiveCfg = Debug|Any CPU
		{E6A97BA4-877B-4D58-AD8A-089A03B08A73}.Debug|iPhone.Build.0 = Debug|Any CPU
		{E6A97BA4-877B-4D58-AD8A-089A03B08A73}.Debug|iPhoneSimulator.ActiveCfg = Debug|Any CPU
		{E6A97BA4-877B-4D58-AD8A-089A03B08A73}.Debug|iPhoneSimulator.Build.0 = Debug|Any CPU
		{E6A97BA4-877B-4D58-AD8A-089A03B08A73}.Release|Any CPU.ActiveCfg = Release|Any CPU
		{E6A97BA4-877B-4D58-AD8A-089A03B08A73}.Release|Any CPU.Build.0 = Release|Any CPU
		{E6A97BA4-877B-4D58-AD8A-089A03B08A73}.Release|iPhone.ActiveCfg = Release|Any CPU
		{E6A97BA4-877B-4D58-AD8A-089A03B08A73}.Release|iPhone.Build.0 = Release|Any CPU
		{E6A97BA4-877B-4D58-AD8A-089A03B08A73}.Release|iPhoneSimulator.ActiveCfg = Release|Any CPU
		{E6A97BA4-877B-4D58-AD8A-089A03B08A73}.Release|iPhoneSimulator.Build.0 = Release|Any CPU
	EndGlobalSection
	GlobalSection(SolutionProperties) = preSolution
		HideSolutionNode = FALSE
	EndGlobalSection
	GlobalSection(ExtensibilityGlobals) = postSolution
		SolutionGuid = {5FCCC25F-F833-43EA-9FC5-9ED5DEAC2EAF}
	EndGlobalSection
EndGlobal
