Microsoft Visual Studio Solution File, Format Version 12.00
# Visual Studio Version 16
VisualStudioVersion = 16.0.0.0
MinimumVisualStudioVersion = 16.0.0.0
Project("{9A19103F-16F7-4668-BE54-9A1E7A4F7556}") = "MobileApp", "MobileApp\MobileApp.csproj", "{81F1DD95-C0B8-432A-A2E2-FC93D1A30975}"
EndProject
Project("{FAE04EC0-301F-11D3-BF4B-00C04F79EFBC}") = "MobileApp.Android", "MobileApp.Android\MobileApp.Android.csproj", "{0DD84A08-7C63-44D2-8FF9-4A8896AA9DFD}"
EndProject
Project("{FAE04EC0-301F-11D3-BF4B-00C04F79EFBC}") = "MobileApp.iOS", "MobileApp.iOS\MobileApp.iOS.csproj", "{98B9D4D1-AF47-4AC1-9725-F501A16280A4}"
EndProject
Global
	GlobalSection(SolutionConfigurationPlatforms) = preSolution
		Debug|Any CPU = Debug|Any CPU
		Debug|iPhone = Debug|iPhone
		Debug|iPhoneSimulator = Debug|iPhoneSimulator
		Debug|x64 = Debug|x64
		Debug|x86 = Debug|x86
		Release|Any CPU = Release|Any CPU
		Release|iPhone = Release|iPhone
		Release|iPhoneSimulator = Release|iPhoneSimulator
		Release|x64 = Release|x64
		Release|x86 = Release|x86
	EndGlobalSection
	GlobalSection(ProjectConfigurationPlatforms) = postSolution
		{81F1DD95-C0B8-432A-A2E2-FC93D1A30975}.Debug|Any CPU.ActiveCfg = Debug|Any CPU
		{81F1DD95-C0B8-432A-A2E2-FC93D1A30975}.Debug|Any CPU.Build.0 = Debug|Any CPU
		{81F1DD95-C0B8-432A-A2E2-FC93D1A30975}.Debug|iPhone.ActiveCfg = Debug|Any CPU
		{81F1DD95-C0B8-432A-A2E2-FC93D1A30975}.Debug|iPhone.Build.0 = Debug|Any CPU
		{81F1DD95-C0B8-432A-A2E2-FC93D1A30975}.Debug|iPhoneSimulator.ActiveCfg = Debug|Any CPU
		{81F1DD95-C0B8-432A-A2E2-FC93D1A30975}.Debug|iPhoneSimulator.Build.0 = Debug|Any CPU
		{81F1DD95-C0B8-432A-A2E2-FC93D1A30975}.Debug|x64.ActiveCfg = Debug|Any CPU
		{81F1DD95-C0B8-432A-A2E2-FC93D1A30975}.Debug|x64.Build.0 = Debug|Any CPU
		{81F1DD95-C0B8-432A-A2E2-FC93D1A30975}.Debug|x86.ActiveCfg = Debug|Any CPU
		{81F1DD95-C0B8-432A-A2E2-FC93D1A30975}.Debug|x86.Build.0 = Debug|Any CPU
		{81F1DD95-C0B8-432A-A2E2-FC93D1A30975}.Release|Any CPU.ActiveCfg = Release|Any CPU
		{81F1DD95-C0B8-432A-A2E2-FC93D1A30975}.Release|Any CPU.Build.0 = Release|Any CPU
		{81F1DD95-C0B8-432A-A2E2-FC93D1A30975}.Release|iPhone.ActiveCfg = Release|Any CPU
		{81F1DD95-C0B8-432A-A2E2-FC93D1A30975}.Release|iPhone.Build.0 = Release|Any CPU
		{81F1DD95-C0B8-432A-A2E2-FC93D1A30975}.Release|iPhoneSimulator.ActiveCfg = Release|Any CPU
		{81F1DD95-C0B8-432A-A2E2-FC93D1A30975}.Release|iPhoneSimulator.Build.0 = Release|Any CPU
		{81F1DD95-C0B8-432A-A2E2-FC93D1A30975}.Release|x64.ActiveCfg = Release|Any CPU
		{81F1DD95-C0B8-432A-A2E2-FC93D1A30975}.Release|x64.Build.0 = Release|Any CPU
		{81F1DD95-C0B8-432A-A2E2-FC93D1A30975}.Release|x86.ActiveCfg = Release|Any CPU
		{81F1DD95-C0B8-432A-A2E2-FC93D1A30975}.Release|x86.Build.0 = Release|Any CPU
		{0DD84A08-7C63-44D2-8FF9-4A8896AA9DFD}.Debug|Any CPU.ActiveCfg = Debug|Any CPU
		{0DD84A08-7C63-44D2-8FF9-4A8896AA9DFD}.Debug|Any CPU.Build.0 = Debug|Any CPU
		{0DD84A08-7C63-44D2-8FF9-4A8896AA9DFD}.Debug|Any CPU.Deploy.0 = Debug|Any CPU
		{0DD84A08-7C63-44D2-8FF9-4A8896AA9DFD}.Debug|iPhone.ActiveCfg = Debug|Any CPU
		{0DD84A08-7C63-44D2-8FF9-4A8896AA9DFD}.Debug|iPhone.Build.0 = Debug|Any CPU
		{0DD84A08-7C63-44D2-8FF9-4A8896AA9DFD}.Debug|iPhone.Deploy.0 = Debug|Any CPU
		{0DD84A08-7C63-44D2-8FF9-4A8896AA9DFD}.Debug|iPhoneSimulator.ActiveCfg = Debug|Any CPU
		{0DD84A08-7C63-44D2-8FF9-4A8896AA9DFD}.Debug|iPhoneSimulator.Build.0 = Debug|Any CPU
		{0DD84A08-7C63-44D2-8FF9-4A8896AA9DFD}.Debug|iPhoneSimulator.Deploy.0 = Debug|Any CPU
		{0DD84A08-7C63-44D2-8FF9-4A8896AA9DFD}.Debug|x64.ActiveCfg = Debug|Any CPU
		{0DD84A08-7C63-44D2-8FF9-4A8896AA9DFD}.Debug|x64.Build.0 = Debug|Any CPU
		{0DD84A08-7C63-44D2-8FF9-4A8896AA9DFD}.Debug|x64.Deploy.0 = Debug|Any CPU
		{0DD84A08-7C63-44D2-8FF9-4A8896AA9DFD}.Debug|x86.ActiveCfg = Debug|Any CPU
		{0DD84A08-7C63-44D2-8FF9-4A8896AA9DFD}.Debug|x86.Build.0 = Debug|Any CPU
		{0DD84A08-7C63-44D2-8FF9-4A8896AA9DFD}.Debug|x86.Deploy.0 = Debug|Any CPU
		{0DD84A08-7C63-44D2-8FF9-4A8896AA9DFD}.Release|Any CPU.ActiveCfg = Release|Any CPU
		{0DD84A08-7C63-44D2-8FF9-4A8896AA9DFD}.Release|Any CPU.Build.0 = Release|Any CPU
		{0DD84A08-7C63-44D2-8FF9-4A8896AA9DFD}.Release|Any CPU.Deploy.0 = Release|Any CPU
		{0DD84A08-7C63-44D2-8FF9-4A8896AA9DFD}.Release|iPhone.ActiveCfg = Release|Any CPU
		{0DD84A08-7C63-44D2-8FF9-4A8896AA9DFD}.Release|iPhone.Build.0 = Release|Any CPU
		{0DD84A08-7C63-44D2-8FF9-4A8896AA9DFD}.Release|iPhone.Deploy.0 = Release|Any CPU
		{0DD84A08-7C63-44D2-8FF9-4A8896AA9DFD}.Release|iPhoneSimulator.ActiveCfg = Release|Any CPU
		{0DD84A08-7C63-44D2-8FF9-4A8896AA9DFD}.Release|iPhoneSimulator.Build.0 = Release|Any CPU
		{0DD84A08-7C63-44D2-8FF9-4A8896AA9DFD}.Release|iPhoneSimulator.Deploy.0 = Release|Any CPU
		{0DD84A08-7C63-44D2-8FF9-4A8896AA9DFD}.Release|x64.ActiveCfg = Release|Any CPU
		{0DD84A08-7C63-44D2-8FF9-4A8896AA9DFD}.Release|x64.Build.0 = Release|Any CPU
		{0DD84A08-7C63-44D2-8FF9-4A8896AA9DFD}.Release|x64.Deploy.0 = Release|Any CPU
		{0DD84A08-7C63-44D2-8FF9-4A8896AA9DFD}.Release|x86.ActiveCfg = Release|Any CPU
		{0DD84A08-7C63-44D2-8FF9-4A8896AA9DFD}.Release|x86.Build.0 = Release|Any CPU
		{0DD84A08-7C63-44D2-8FF9-4A8896AA9DFD}.Release|x86.Deploy.0 = Release|Any CPU
		{98B9D4D1-AF47-4AC1-9725-F501A16280A4}.Debug|Any CPU.ActiveCfg = Debug|iPhone
		{98B9D4D1-AF47-4AC1-9725-F501A16280A4}.Debug|iPhone.ActiveCfg = Debug|iPhone
		{98B9D4D1-AF47-4AC1-9725-F501A16280A4}.Debug|iPhone.Build.0 = Debug|iPhone
		{98B9D4D1-AF47-4AC1-9725-F501A16280A4}.Debug|iPhoneSimulator.ActiveCfg = Debug|iPhoneSimulator
		{98B9D4D1-AF47-4AC1-9725-F501A16280A4}.Debug|iPhoneSimulator.Build.0 = Debug|iPhoneSimulator
		{98B9D4D1-AF47-4AC1-9725-F501A16280A4}.Debug|x64.ActiveCfg = Debug|iPhone
		{98B9D4D1-AF47-4AC1-9725-F501A16280A4}.Debug|x86.ActiveCfg = Debug|iPhone
		{98B9D4D1-AF47-4AC1-9725-F501A16280A4}.Release|Any CPU.ActiveCfg = Release|iPhone
		{98B9D4D1-AF47-4AC1-9725-F501A16280A4}.Release|iPhone.ActiveCfg = Release|iPhone
		{98B9D4D1-AF47-4AC1-9725-F501A16280A4}.Release|iPhone.Build.0 = Release|iPhone
		{98B9D4D1-AF47-4AC1-9725-F501A16280A4}.Release|iPhoneSimulator.ActiveCfg = Release|iPhoneSimulator
		{98B9D4D1-AF47-4AC1-9725-F501A16280A4}.Release|iPhoneSimulator.Build.0 = Release|iPhoneSimulator
		{98B9D4D1-AF47-4AC1-9725-F501A16280A4}.Release|x64.ActiveCfg = Release|iPhone
		{98B9D4D1-AF47-4AC1-9725-F501A16280A4}.Release|x86.ActiveCfg = Release|iPhone
	EndGlobalSection
	GlobalSection(SolutionProperties) = preSolution
		HideSolutionNode = FALSE
	EndGlobalSection
	GlobalSection(ExtensibilityGlobals) = postSolution
		SolutionGuid = {055DC01B-5A2A-466D-B539-E6721126BC06}
	EndGlobalSection
EndGlobal
